
Microsoft Visual Studio Solution File, Format Version 12.00
# Visual Studio Version 17
VisualStudioVersion = 17.13.35806.99 d17.13
MinimumVisualStudioVersion = 10.0.40219.1
Project("{FAE04EC0-301F-11D3-BF4B-00C04F79EFBC}") = "MauiAppTempoAgora", "MauiAppTempoAgora\MauiAppTempoAgora.csproj", "{DE04F55C-3FA2-4139-90EF-78FD6FF5D6E6}"
EndProject
Global
	GlobalSection(SolutionConfigurationPlatforms) = preSolution
		Debug|Any CPU = Debug|Any CPU
		Release|Any CPU = Release|Any CPU
	EndGlobalSection
	GlobalSection(ProjectConfigurationPlatforms) = postSolution
		{DE04F55C-3FA2-4139-90EF-78FD6FF5D6E6}.Debug|Any CPU.ActiveCfg = Debug|Any CPU
		{DE04F55C-3FA2-4139-90EF-78FD6FF5D6E6}.Debug|Any CPU.Build.0 = Debug|Any CPU
		{DE04F55C-3FA2-4139-90EF-78FD6FF5D6E6}.Debug|Any CPU.Deploy.0 = Debug|Any CPU
		{DE04F55C-3FA2-4139-90EF-78FD6FF5D6E6}.Release|Any CPU.ActiveCfg = Release|Any CPU
		{DE04F55C-3FA2-4139-90EF-78FD6FF5D6E6}.Release|Any CPU.Build.0 = Release|Any CPU
		{DE04F55C-3FA2-4139-90EF-78FD6FF5D6E6}.Release|Any CPU.Deploy.0 = Release|Any CPU
	EndGlobalSection
	GlobalSection(SolutionProperties) = preSolution
		HideSolutionNode = FALSE
	EndGlobalSection
	GlobalSection(ExtensibilityGlobals) = postSolution
		SolutionGuid = {7E90FACD-8A08-4592-85FB-86B7D89DEA8A}
	EndGlobalSection
EndGlobal
